// !$*UTF8*$!
{
	archiveVersion = 1;
	classes = {
	};
	objectVersion = 50;
	objects = {

/* Begin PBXBuildFile section */
		305975D222F1EE350035353D /* PageViewController.swift in Sources */ = {isa = PBXBuildFile; fileRef = 305975D122F1EE350035353D /* PageViewController.swift */; };
		305975D422F1EF550035353D /* WeatherViewController.swift in Sources */ = {isa = PBXBuildFile; fileRef = 305975D322F1EF550035353D /* WeatherViewController.swift */; };
		3059766022F352AD0035353D /* WeatherAPI.swift in Sources */ = {isa = PBXBuildFile; fileRef = 3059765F22F352AD0035353D /* WeatherAPI.swift */; };
		3059766722F375440035353D /* Weather.swift in Sources */ = {isa = PBXBuildFile; fileRef = 3059766622F375440035353D /* Weather.swift */; };
		3059766922F375A40035353D /* Currently.swift in Sources */ = {isa = PBXBuildFile; fileRef = 3059766822F375A40035353D /* Currently.swift */; };
		3059766B22F378FB0035353D /* WeatherStore.swift in Sources */ = {isa = PBXBuildFile; fileRef = 3059766A22F378FB0035353D /* WeatherStore.swift */; };
		3059767022F3E49E0035353D /* SearchLocationTableViewController.swift in Sources */ = {isa = PBXBuildFile; fileRef = 3059766F22F3E49E0035353D /* SearchLocationTableViewController.swift */; };
		3059767222F400840035353D /* SuggestionsTableTableViewController.swift in Sources */ = {isa = PBXBuildFile; fileRef = 3059767122F400840035353D /* SuggestionsTableTableViewController.swift */; };
		3059767622F47B280035353D /* TableViewController.swift in Sources */ = {isa = PBXBuildFile; fileRef = 3059767522F47B280035353D /* TableViewController.swift */; };
		3059767B22F521C40035353D /* Point.swift in Sources */ = {isa = PBXBuildFile; fileRef = 3059767A22F521C40035353D /* Point.swift */; };
		3059767D22F535960035353D /* Request+DarkSkyRequest.swift in Sources */ = {isa = PBXBuildFile; fileRef = 3059767C22F535960035353D /* Request+DarkSkyRequest.swift */; };
		3059768E22F5464D0035353D /* Dispatcher+NetworkDispatcher.swift in Sources */ = {isa = PBXBuildFile; fileRef = 3059768D22F5464D0035353D /* Dispatcher+NetworkDispatcher.swift */; };
		30BDEE9822F18A97006E1C30 /* AppDelegate.swift in Sources */ = {isa = PBXBuildFile; fileRef = 30BDEE9722F18A97006E1C30 /* AppDelegate.swift */; };
		30BDEE9D22F18A97006E1C30 /* Main.storyboard in Resources */ = {isa = PBXBuildFile; fileRef = 30BDEE9B22F18A97006E1C30 /* Main.storyboard */; };
		30BDEE9F22F18A98006E1C30 /* Assets.xcassets in Resources */ = {isa = PBXBuildFile; fileRef = 30BDEE9E22F18A98006E1C30 /* Assets.xcassets */; };
		30BDEEA222F18A98006E1C30 /* LaunchScreen.storyboard in Resources */ = {isa = PBXBuildFile; fileRef = 30BDEEA022F18A98006E1C30 /* LaunchScreen.storyboard */; };
		30BDEEAE22F191D7006E1C30 /* CitiesViewController.swift in Sources */ = {isa = PBXBuildFile; fileRef = 30BDEEAD22F191D7006E1C30 /* CitiesViewController.swift */; };
		30BDEEB022F19274006E1C30 /* CollectionViewController.swift in Sources */ = {isa = PBXBuildFile; fileRef = 30BDEEAF22F19274006E1C30 /* CollectionViewController.swift */; };
		30F3199922F563CD00DE0A71 /* WeatherService.swift in Sources */ = {isa = PBXBuildFile; fileRef = 30F3199822F563CD00DE0A71 /* WeatherService.swift */; };
		30F3199E22F56DF300DE0A71 /* LocationCell.swift in Sources */ = {isa = PBXBuildFile; fileRef = 30F3199D22F56DF300DE0A71 /* LocationCell.swift */; };
		30F319A322F5C1CB00DE0A71 /* WeatherHeaderView.swift in Sources */ = {isa = PBXBuildFile; fileRef = 30F319A222F5C1CB00DE0A71 /* WeatherHeaderView.swift */; };
		30F319A522F5C58E00DE0A71 /* HourlyCell.swift in Sources */ = {isa = PBXBuildFile; fileRef = 30F319A422F5C58E00DE0A71 /* HourlyCell.swift */; };
/* End PBXBuildFile section */

/* Begin PBXFileReference section */
		305975D122F1EE350035353D /* PageViewController.swift */ = {isa = PBXFileReference; lastKnownFileType = sourcecode.swift; path = PageViewController.swift; sourceTree = "<group>"; };
		305975D322F1EF550035353D /* WeatherViewController.swift */ = {isa = PBXFileReference; lastKnownFileType = sourcecode.swift; path = WeatherViewController.swift; sourceTree = "<group>"; };
		3059765F22F352AD0035353D /* WeatherAPI.swift */ = {isa = PBXFileReference; lastKnownFileType = sourcecode.swift; path = WeatherAPI.swift; sourceTree = "<group>"; };
		3059766622F375440035353D /* Weather.swift */ = {isa = PBXFileReference; lastKnownFileType = sourcecode.swift; path = Weather.swift; sourceTree = "<group>"; };
		3059766822F375A40035353D /* Currently.swift */ = {isa = PBXFileReference; lastKnownFileType = sourcecode.swift; path = Currently.swift; sourceTree = "<group>"; };
		3059766A22F378FB0035353D /* WeatherStore.swift */ = {isa = PBXFileReference; lastKnownFileType = sourcecode.swift; path = WeatherStore.swift; sourceTree = "<group>"; };
		3059766F22F3E49E0035353D /* SearchLocationTableViewController.swift */ = {isa = PBXFileReference; lastKnownFileType = sourcecode.swift; path = SearchLocationTableViewController.swift; sourceTree = "<group>"; };
		3059767122F400840035353D /* SuggestionsTableTableViewController.swift */ = {isa = PBXFileReference; lastKnownFileType = sourcecode.swift; path = SuggestionsTableTableViewController.swift; sourceTree = "<group>"; };
		3059767522F47B280035353D /* TableViewController.swift */ = {isa = PBXFileReference; lastKnownFileType = sourcecode.swift; path = TableViewController.swift; sourceTree = "<group>"; };
		3059767A22F521C40035353D /* Point.swift */ = {isa = PBXFileReference; lastKnownFileType = sourcecode.swift; path = Point.swift; sourceTree = "<group>"; };
		3059767C22F535960035353D /* Request+DarkSkyRequest.swift */ = {isa = PBXFileReference; lastKnownFileType = sourcecode.swift; path = "Request+DarkSkyRequest.swift"; sourceTree = "<group>"; };
		3059768D22F5464D0035353D /* Dispatcher+NetworkDispatcher.swift */ = {isa = PBXFileReference; lastKnownFileType = sourcecode.swift; path = "Dispatcher+NetworkDispatcher.swift"; sourceTree = "<group>"; };
		30BDEE9422F18A97006E1C30 /* WeatherForecast.app */ = {isa = PBXFileReference; explicitFileType = wrapper.application; includeInIndex = 0; path = WeatherForecast.app; sourceTree = BUILT_PRODUCTS_DIR; };
		30BDEE9722F18A97006E1C30 /* AppDelegate.swift */ = {isa = PBXFileReference; lastKnownFileType = sourcecode.swift; path = AppDelegate.swift; sourceTree = "<group>"; };
		30BDEE9C22F18A97006E1C30 /* Base */ = {isa = PBXFileReference; lastKnownFileType = file.storyboard; name = Base; path = Base.lproj/Main.storyboard; sourceTree = "<group>"; };
		30BDEE9E22F18A98006E1C30 /* Assets.xcassets */ = {isa = PBXFileReference; lastKnownFileType = folder.assetcatalog; path = Assets.xcassets; sourceTree = "<group>"; };
		30BDEEA122F18A98006E1C30 /* Base */ = {isa = PBXFileReference; lastKnownFileType = file.storyboard; name = Base; path = Base.lproj/LaunchScreen.storyboard; sourceTree = "<group>"; };
		30BDEEA322F18A98006E1C30 /* Info.plist */ = {isa = PBXFileReference; lastKnownFileType = text.plist.xml; path = Info.plist; sourceTree = "<group>"; };
		30BDEEAD22F191D7006E1C30 /* CitiesViewController.swift */ = {isa = PBXFileReference; lastKnownFileType = sourcecode.swift; path = CitiesViewController.swift; sourceTree = "<group>"; };
		30BDEEAF22F19274006E1C30 /* CollectionViewController.swift */ = {isa = PBXFileReference; lastKnownFileType = sourcecode.swift; path = CollectionViewController.swift; sourceTree = "<group>"; };
		30F3199822F563CD00DE0A71 /* WeatherService.swift */ = {isa = PBXFileReference; lastKnownFileType = sourcecode.swift; path = WeatherService.swift; sourceTree = "<group>"; };
		30F3199D22F56DF300DE0A71 /* LocationCell.swift */ = {isa = PBXFileReference; lastKnownFileType = sourcecode.swift; path = LocationCell.swift; sourceTree = "<group>"; };
		30F319A222F5C1CB00DE0A71 /* WeatherHeaderView.swift */ = {isa = PBXFileReference; lastKnownFileType = sourcecode.swift; path = WeatherHeaderView.swift; sourceTree = "<group>"; };
		30F319A422F5C58E00DE0A71 /* HourlyCell.swift */ = {isa = PBXFileReference; lastKnownFileType = sourcecode.swift; path = HourlyCell.swift; sourceTree = "<group>"; };
/* End PBXFileReference section */

/* Begin PBXFrameworksBuildPhase section */
		30BDEE9122F18A97006E1C30 /* Frameworks */ = {
			isa = PBXFrameworksBuildPhase;
			buildActionMask = 2147483647;
			files = (
			);
			runOnlyForDeploymentPostprocessing = 0;
		};
/* End PBXFrameworksBuildPhase section */

/* Begin PBXGroup section */
		3059766522F375360035353D /* Model */ = {
			isa = PBXGroup;
			children = (
				3059766622F375440035353D /* Weather.swift */,
				3059766822F375A40035353D /* Currently.swift */,
				3059767A22F521C40035353D /* Point.swift */,
			);
			path = Model;
			sourceTree = "<group>";
		};
		3059766E22F3D4F50035353D /* Controller */ = {
			isa = PBXGroup;
			children = (
				30BDEEAD22F191D7006E1C30 /* CitiesViewController.swift */,
				305975D122F1EE350035353D /* PageViewController.swift */,
				305975D322F1EF550035353D /* WeatherViewController.swift */,
				3059766F22F3E49E0035353D /* SearchLocationTableViewController.swift */,
				3059767122F400840035353D /* SuggestionsTableTableViewController.swift */,
			);
			path = Controller;
			sourceTree = "<group>";
		};
		3059767922F51FCA0035353D /* Networking */ = {
			isa = PBXGroup;
			children = (
				3059767C22F535960035353D /* Request+DarkSkyRequest.swift */,
				3059768D22F5464D0035353D /* Dispatcher+NetworkDispatcher.swift */,
				30F3199822F563CD00DE0A71 /* WeatherService.swift */,
			);
			path = Networking;
			sourceTree = "<group>";
		};
		30BDEE8B22F18A97006E1C30 = {
			isa = PBXGroup;
			children = (
				30BDEE9622F18A97006E1C30 /* WeatherForecast */,
				30BDEE9522F18A97006E1C30 /* Products */,
			);
			sourceTree = "<group>";
		};
		30BDEE9522F18A97006E1C30 /* Products */ = {
			isa = PBXGroup;
			children = (
				30BDEE9422F18A97006E1C30 /* WeatherForecast.app */,
			);
			name = Products;
			sourceTree = "<group>";
		};
		30BDEE9622F18A97006E1C30 /* WeatherForecast */ = {
			isa = PBXGroup;
			children = (
				3059767922F51FCA0035353D /* Networking */,
				3059766522F375360035353D /* Model */,
				30F3199A22F56D5B00DE0A71 /* View */,
				3059766E22F3D4F50035353D /* Controller */,
				30BDEE9722F18A97006E1C30 /* AppDelegate.swift */,
				3059765F22F352AD0035353D /* WeatherAPI.swift */,
				30BDEE9B22F18A97006E1C30 /* Main.storyboard */,
				30BDEE9E22F18A98006E1C30 /* Assets.xcassets */,
				30BDEEA022F18A98006E1C30 /* LaunchScreen.storyboard */,
				30BDEEA322F18A98006E1C30 /* Info.plist */,
				30BDEEAF22F19274006E1C30 /* CollectionViewController.swift */,
				3059766A22F378FB0035353D /* WeatherStore.swift */,
				3059767522F47B280035353D /* TableViewController.swift */,
			);
			path = WeatherForecast;
			sourceTree = "<group>";
		};
		30F3199A22F56D5B00DE0A71 /* View */ = {
			isa = PBXGroup;
			children = (
				30F3199D22F56DF300DE0A71 /* LocationCell.swift */,
				30F319A222F5C1CB00DE0A71 /* WeatherHeaderView.swift */,
				30F319A422F5C58E00DE0A71 /* HourlyCell.swift */,
			);
			path = View;
			sourceTree = "<group>";
		};
/* End PBXGroup section */

/* Begin PBXNativeTarget section */
		30BDEE9322F18A97006E1C30 /* WeatherForecast */ = {
			isa = PBXNativeTarget;
			buildConfigurationList = 30BDEEA622F18A98006E1C30 /* Build configuration list for PBXNativeTarget "WeatherForecast" */;
			buildPhases = (
				30BDEE9022F18A97006E1C30 /* Sources */,
				30BDEE9122F18A97006E1C30 /* Frameworks */,
				30BDEE9222F18A97006E1C30 /* Resources */,
			);
			buildRules = (
			);
			dependencies = (
			);
			name = WeatherForecast;
			productName = WeatherForecast;
			productReference = 30BDEE9422F18A97006E1C30 /* WeatherForecast.app */;
			productType = "com.apple.product-type.application";
		};
/* End PBXNativeTarget section */

/* Begin PBXProject section */
		30BDEE8C22F18A97006E1C30 /* Project object */ = {
			isa = PBXProject;
			attributes = {
				LastSwiftUpdateCheck = 1020;
				LastUpgradeCheck = 1020;
				ORGANIZATIONNAME = BLU;
				TargetAttributes = {
					30BDEE9322F18A97006E1C30 = {
						CreatedOnToolsVersion = 10.2.1;
					};
				};
			};
			buildConfigurationList = 30BDEE8F22F18A97006E1C30 /* Build configuration list for PBXProject "WeatherForecast" */;
			compatibilityVersion = "Xcode 9.3";
			developmentRegion = en;
			hasScannedForEncodings = 0;
			knownRegions = (
				en,
				Base,
			);
			mainGroup = 30BDEE8B22F18A97006E1C30;
			productRefGroup = 30BDEE9522F18A97006E1C30 /* Products */;
			projectDirPath = "";
			projectRoot = "";
			targets = (
				30BDEE9322F18A97006E1C30 /* WeatherForecast */,
			);
		};
/* End PBXProject section */

/* Begin PBXResourcesBuildPhase section */
		30BDEE9222F18A97006E1C30 /* Resources */ = {
			isa = PBXResourcesBuildPhase;
			buildActionMask = 2147483647;
			files = (
				30BDEEA222F18A98006E1C30 /* LaunchScreen.storyboard in Resources */,
				30BDEE9F22F18A98006E1C30 /* Assets.xcassets in Resources */,
				30BDEE9D22F18A97006E1C30 /* Main.storyboard in Resources */,
			);
			runOnlyForDeploymentPostprocessing = 0;
		};
/* End PBXResourcesBuildPhase section */

/* Begin PBXSourcesBuildPhase section */
		30BDEE9022F18A97006E1C30 /* Sources */ = {
			isa = PBXSourcesBuildPhase;
			buildActionMask = 2147483647;
			files = (
				3059767222F400840035353D /* SuggestionsTableTableViewController.swift in Sources */,
				3059767D22F535960035353D /* Request+DarkSkyRequest.swift in Sources */,
				3059766B22F378FB0035353D /* WeatherStore.swift in Sources */,
				3059768E22F5464D0035353D /* Dispatcher+NetworkDispatcher.swift in Sources */,
				30F3199E22F56DF300DE0A71 /* LocationCell.swift in Sources */,
				30BDEEB022F19274006E1C30 /* CollectionViewController.swift in Sources */,
				3059766022F352AD0035353D /* WeatherAPI.swift in Sources */,
				3059767B22F521C40035353D /* Point.swift in Sources */,
				30F319A522F5C58E00DE0A71 /* HourlyCell.swift in Sources */,
				3059766922F375A40035353D /* Currently.swift in Sources */,
				3059767022F3E49E0035353D /* SearchLocationTableViewController.swift in Sources */,
				305975D422F1EF550035353D /* WeatherViewController.swift in Sources */,
				3059767622F47B280035353D /* TableViewController.swift in Sources */,
				30F3199922F563CD00DE0A71 /* WeatherService.swift in Sources */,
				3059766722F375440035353D /* Weather.swift in Sources */,
				305975D222F1EE350035353D /* PageViewController.swift in Sources */,
				30BDEE9822F18A97006E1C30 /* AppDelegate.swift in Sources */,
				30F319A322F5C1CB00DE0A71 /* WeatherHeaderView.swift in Sources */,
				30BDEEAE22F191D7006E1C30 /* CitiesViewController.swift in Sources */,
			);
			runOnlyForDeploymentPostprocessing = 0;
		};
/* End PBXSourcesBuildPhase section */

/* Begin PBXVariantGroup section */
		30BDEE9B22F18A97006E1C30 /* Main.storyboard */ = {
			isa = PBXVariantGroup;
			children = (
				30BDEE9C22F18A97006E1C30 /* Base */,
			);
			name = Main.storyboard;
			sourceTree = "<group>";
		};
		30BDEEA022F18A98006E1C30 /* LaunchScreen.storyboard */ = {
			isa = PBXVariantGroup;
			children = (
				30BDEEA122F18A98006E1C30 /* Base */,
			);
			name = LaunchScreen.storyboard;
			sourceTree = "<group>";
		};
/* End PBXVariantGroup section */

/* Begin XCBuildConfiguration section */
		30BDEEA422F18A98006E1C30 /* Debug */ = {
			isa = XCBuildConfiguration;
			buildSettings = {
				ALWAYS_SEARCH_USER_PATHS = NO;
				CLANG_ANALYZER_NONNULL = YES;
				CLANG_ANALYZER_NUMBER_OBJECT_CONVERSION = YES_AGGRESSIVE;
				CLANG_CXX_LANGUAGE_STANDARD = "gnu++14";
				CLANG_CXX_LIBRARY = "libc++";
				CLANG_ENABLE_MODULES = YES;
				CLANG_ENABLE_OBJC_ARC = YES;
				CLANG_ENABLE_OBJC_WEAK = YES;
				CLANG_WARN_BLOCK_CAPTURE_AUTORELEASING = YES;
				CLANG_WARN_BOOL_CONVERSION = YES;
				CLANG_WARN_COMMA = YES;
				CLANG_WARN_CONSTANT_CONVERSION = YES;
				CLANG_WARN_DEPRECATED_OBJC_IMPLEMENTATIONS = YES;
				CLANG_WARN_DIRECT_OBJC_ISA_USAGE = YES_ERROR;
				CLANG_WARN_DOCUMENTATION_COMMENTS = YES;
				CLANG_WARN_EMPTY_BODY = YES;
				CLANG_WARN_ENUM_CONVERSION = YES;
				CLANG_WARN_INFINITE_RECURSION = YES;
				CLANG_WARN_INT_CONVERSION = YES;
				CLANG_WARN_NON_LITERAL_NULL_CONVERSION = YES;
				CLANG_WARN_OBJC_IMPLICIT_RETAIN_SELF = YES;
				CLANG_WARN_OBJC_LITERAL_CONVERSION = YES;
				CLANG_WARN_OBJC_ROOT_CLASS = YES_ERROR;
				CLANG_WARN_RANGE_LOOP_ANALYSIS = YES;
				CLANG_WARN_STRICT_PROTOTYPES = YES;
				CLANG_WARN_SUSPICIOUS_MOVE = YES;
				CLANG_WARN_UNGUARDED_AVAILABILITY = YES_AGGRESSIVE;
				CLANG_WARN_UNREACHABLE_CODE = YES;
				CLANG_WARN__DUPLICATE_METHOD_MATCH = YES;
				CODE_SIGN_IDENTITY = "iPhone Developer";
				COPY_PHASE_STRIP = NO;
				DEBUG_INFORMATION_FORMAT = dwarf;
				ENABLE_STRICT_OBJC_MSGSEND = YES;
				ENABLE_TESTABILITY = YES;
				GCC_C_LANGUAGE_STANDARD = gnu11;
				GCC_DYNAMIC_NO_PIC = NO;
				GCC_NO_COMMON_BLOCKS = YES;
				GCC_OPTIMIZATION_LEVEL = 0;
				GCC_PREPROCESSOR_DEFINITIONS = (
					"DEBUG=1",
					"$(inherited)",
				);
				GCC_WARN_64_TO_32_BIT_CONVERSION = YES;
				GCC_WARN_ABOUT_RETURN_TYPE = YES_ERROR;
				GCC_WARN_UNDECLARED_SELECTOR = YES;
				GCC_WARN_UNINITIALIZED_AUTOS = YES_AGGRESSIVE;
				GCC_WARN_UNUSED_FUNCTION = YES;
				GCC_WARN_UNUSED_VARIABLE = YES;
				IPHONEOS_DEPLOYMENT_TARGET = 12.2;
				MTL_ENABLE_DEBUG_INFO = INCLUDE_SOURCE;
				MTL_FAST_MATH = YES;
				ONLY_ACTIVE_ARCH = YES;
				SDKROOT = iphoneos;
				SWIFT_ACTIVE_COMPILATION_CONDITIONS = DEBUG;
				SWIFT_OPTIMIZATION_LEVEL = "-Onone";
			};
			name = Debug;
		};
		30BDEEA522F18A98006E1C30 /* Release */ = {
			isa = XCBuildConfiguration;
			buildSettings = {
				ALWAYS_SEARCH_USER_PATHS = NO;
				CLANG_ANALYZER_NONNULL = YES;
				CLANG_ANALYZER_NUMBER_OBJECT_CONVERSION = YES_AGGRESSIVE;
				CLANG_CXX_LANGUAGE_STANDARD = "gnu++14";
				CLANG_CXX_LIBRARY = "libc++";
				CLANG_ENABLE_MODULES = YES;
				CLANG_ENABLE_OBJC_ARC = YES;
				CLANG_ENABLE_OBJC_WEAK = YES;
				CLANG_WARN_BLOCK_CAPTURE_AUTORELEASING = YES;
				CLANG_WARN_BOOL_CONVERSION = YES;
				CLANG_WARN_COMMA = YES;
				CLANG_WARN_CONSTANT_CONVERSION = YES;
				CLANG_WARN_DEPRECATED_OBJC_IMPLEMENTATIONS = YES;
				CLANG_WARN_DIRECT_OBJC_ISA_USAGE = YES_ERROR;
				CLANG_WARN_DOCUMENTATION_COMMENTS = YES;
				CLANG_WARN_EMPTY_BODY = YES;
				CLANG_WARN_ENUM_CONVERSION = YES;
				CLANG_WARN_INFINITE_RECURSION = YES;
				CLANG_WARN_INT_CONVERSION = YES;
				CLANG_WARN_NON_LITERAL_NULL_CONVERSION = YES;
				CLANG_WARN_OBJC_IMPLICIT_RETAIN_SELF = YES;
				CLANG_WARN_OBJC_LITERAL_CONVERSION = YES;
				CLANG_WARN_OBJC_ROOT_CLASS = YES_ERROR;
				CLANG_WARN_RANGE_LOOP_ANALYSIS = YES;
				CLANG_WARN_STRICT_PROTOTYPES = YES;
				CLANG_WARN_SUSPICIOUS_MOVE = YES;
				CLANG_WARN_UNGUARDED_AVAILABILITY = YES_AGGRESSIVE;
				CLANG_WARN_UNREACHABLE_CODE = YES;
				CLANG_WARN__DUPLICATE_METHOD_MATCH = YES;
				CODE_SIGN_IDENTITY = "iPhone Developer";
				COPY_PHASE_STRIP = NO;
				DEBUG_INFORMATION_FORMAT = "dwarf-with-dsym";
				ENABLE_NS_ASSERTIONS = NO;
				ENABLE_STRICT_OBJC_MSGSEND = YES;
				GCC_C_LANGUAGE_STANDARD = gnu11;
				GCC_NO_COMMON_BLOCKS = YES;
				GCC_WARN_64_TO_32_BIT_CONVERSION = YES;
				GCC_WARN_ABOUT_RETURN_TYPE = YES_ERROR;
				GCC_WARN_UNDECLARED_SELECTOR = YES;
				GCC_WARN_UNINITIALIZED_AUTOS = YES_AGGRESSIVE;
				GCC_WARN_UNUSED_FUNCTION = YES;
				GCC_WARN_UNUSED_VARIABLE = YES;
				IPHONEOS_DEPLOYMENT_TARGET = 12.2;
				MTL_ENABLE_DEBUG_INFO = NO;
				MTL_FAST_MATH = YES;
				SDKROOT = iphoneos;
				SWIFT_COMPILATION_MODE = wholemodule;
				SWIFT_OPTIMIZATION_LEVEL = "-O";
				VALIDATE_PRODUCT = YES;
			};
			name = Release;
		};
		30BDEEA722F18A98006E1C30 /* Debug */ = {
			isa = XCBuildConfiguration;
			buildSettings = {
				ASSETCATALOG_COMPILER_APPICON_NAME = AppIcon;
				CODE_SIGN_STYLE = Automatic;
				INFOPLIST_FILE = WeatherForecast/Info.plist;
				LD_RUNPATH_SEARCH_PATHS = (
					"$(inherited)",
					"@executable_path/Frameworks",
				);
				PRODUCT_BUNDLE_IDENTIFIER = BLU.WeatherForecast;
				PRODUCT_NAME = "$(TARGET_NAME)";
				SWIFT_VERSION = 5.0;
				TARGETED_DEVICE_FAMILY = "1,2";
			};
			name = Debug;
		};
		30BDEEA822F18A98006E1C30 /* Release */ = {
			isa = XCBuildConfiguration;
			buildSettings = {
				ASSETCATALOG_COMPILER_APPICON_NAME = AppIcon;
				CODE_SIGN_STYLE = Automatic;
				INFOPLIST_FILE = WeatherForecast/Info.plist;
				LD_RUNPATH_SEARCH_PATHS = (
					"$(inherited)",
					"@executable_path/Frameworks",
				);
				PRODUCT_BUNDLE_IDENTIFIER = BLU.WeatherForecast;
				PRODUCT_NAME = "$(TARGET_NAME)";
				SWIFT_VERSION = 5.0;
				TARGETED_DEVICE_FAMILY = "1,2";
			};
			name = Release;
		};
/* End XCBuildConfiguration section */

/* Begin XCConfigurationList section */
		30BDEE8F22F18A97006E1C30 /* Build configuration list for PBXProject "WeatherForecast" */ = {
			isa = XCConfigurationList;
			buildConfigurations = (
				30BDEEA422F18A98006E1C30 /* Debug */,
				30BDEEA522F18A98006E1C30 /* Release */,
			);
			defaultConfigurationIsVisible = 0;
			defaultConfigurationName = Release;
		};
		30BDEEA622F18A98006E1C30 /* Build configuration list for PBXNativeTarget "WeatherForecast" */ = {
			isa = XCConfigurationList;
			buildConfigurations = (
				30BDEEA722F18A98006E1C30 /* Debug */,
				30BDEEA822F18A98006E1C30 /* Release */,
			);
			defaultConfigurationIsVisible = 0;
			defaultConfigurationName = Release;
		};
/* End XCConfigurationList section */
	};
	rootObject = 30BDEE8C22F18A97006E1C30 /* Project object */;
}
