// !$*UTF8*$!
{
	archiveVersion = 1;
	classes = {
	};
	objectVersion = 50;
	objects = {

/* Begin PBXBuildFile section */
		24DF2A7DFBC38CECC7D1C0FE /* Pods_WeatherForecast.framework in Frameworks */ = {isa = PBXBuildFile; fileRef = F328F46939CBBDB97D286C3F /* Pods_WeatherForecast.framework */; };
		300F199922F5CA5B002A494E /* SummaryCell.swift in Sources */ = {isa = PBXBuildFile; fileRef = 300F199822F5CA5B002A494E /* SummaryCell.swift */; };
		300F199B22F5CB91002A494E /* DailyDetailCell.swift in Sources */ = {isa = PBXBuildFile; fileRef = 300F199A22F5CB91002A494E /* DailyDetailCell.swift */; };
		300F19CE22F8BFC3002A494E /* Endpoint.swift in Sources */ = {isa = PBXBuildFile; fileRef = 300F19CD22F8BFC3002A494E /* Endpoint.swift */; };
		300F19D022F90B09002A494E /* APIClient.swift in Sources */ = {isa = PBXBuildFile; fileRef = 300F19CF22F90B09002A494E /* APIClient.swift */; };
		300F19D222F93E06002A494E /* APIError.swift in Sources */ = {isa = PBXBuildFile; fileRef = 300F19D122F93E06002A494E /* APIError.swift */; };
		300F19DA22F995FE002A494E /* SearchLocationTableViewController.swift in Sources */ = {isa = PBXBuildFile; fileRef = 300F19D922F995FE002A494E /* SearchLocationTableViewController.swift */; };
		300F19DF22F9E2DE002A494E /* WeatherFeed.swift in Sources */ = {isa = PBXBuildFile; fileRef = 300F19DE22F9E2DD002A494E /* WeatherFeed.swift */; };
		300F19E122F9E313002A494E /* WeatherClient.swift in Sources */ = {isa = PBXBuildFile; fileRef = 300F19E022F9E313002A494E /* WeatherClient.swift */; };
		303D7180230194BC007B308F /* LocationConverter.swift in Sources */ = {isa = PBXBuildFile; fileRef = 303D717F230194BC007B308F /* LocationConverter.swift */; };
		305975D222F1EE350035353D /* PageViewController.swift in Sources */ = {isa = PBXBuildFile; fileRef = 305975D122F1EE350035353D /* PageViewController.swift */; };
		3059767222F400840035353D /* SuggestedLocationTableViewController.swift in Sources */ = {isa = PBXBuildFile; fileRef = 3059767122F400840035353D /* SuggestedLocationTableViewController.swift */; };
		30696A5C22F9E7EC00A886E8 /* Location.swift in Sources */ = {isa = PBXBuildFile; fileRef = 30696A5A22F9E7EC00A886E8 /* Location.swift */; };
		30696A5D22F9E7EC00A886E8 /* LocationStore.swift in Sources */ = {isa = PBXBuildFile; fileRef = 30696A5B22F9E7EC00A886E8 /* LocationStore.swift */; };
		30696A6722FA4E9900A886E8 /* CurrentlyWeatherParser.swift in Sources */ = {isa = PBXBuildFile; fileRef = 30696A6622FA4E9900A886E8 /* CurrentlyWeatherParser.swift */; };
		30696A6922FA559A00A886E8 /* HourlyWeatherParser.swift in Sources */ = {isa = PBXBuildFile; fileRef = 30696A6822FA559A00A886E8 /* HourlyWeatherParser.swift */; };
		30696A6B22FA567600A886E8 /* DailyWeatherParser.swift in Sources */ = {isa = PBXBuildFile; fileRef = 30696A6A22FA567600A886E8 /* DailyWeatherParser.swift */; };
		30696A6D22FA569000A886E8 /* DetailWeatherParser.swift in Sources */ = {isa = PBXBuildFile; fileRef = 30696A6C22FA569000A886E8 /* DetailWeatherParser.swift */; };
		30696A6F22FA5FF700A886E8 /* DateUtil.swift in Sources */ = {isa = PBXBuildFile; fileRef = 30696A6E22FA5FF700A886E8 /* DateUtil.swift */; };
		30696A7A22FA722E00A886E8 /* WeatherDaily.swift in Sources */ = {isa = PBXBuildFile; fileRef = 30696A7522FA722E00A886E8 /* WeatherDaily.swift */; };
		30696A7B22FA722E00A886E8 /* WeatherCurrently.swift in Sources */ = {isa = PBXBuildFile; fileRef = 30696A7622FA722E00A886E8 /* WeatherCurrently.swift */; };
		30696A7C22FA722E00A886E8 /* WeatherForecast.swift in Sources */ = {isa = PBXBuildFile; fileRef = 30696A7722FA722E00A886E8 /* WeatherForecast.swift */; };
		30696A7D22FA722E00A886E8 /* WeatherHourly.swift in Sources */ = {isa = PBXBuildFile; fileRef = 30696A7822FA722E00A886E8 /* WeatherHourly.swift */; };
		30696A7E22FA722E00A886E8 /* WeatherDetail.swift in Sources */ = {isa = PBXBuildFile; fileRef = 30696A7922FA722E00A886E8 /* WeatherDetail.swift */; };
		30696A8B22FAB75200A886E8 /* HourlyCollectionViewDataSource.swift in Sources */ = {isa = PBXBuildFile; fileRef = 30696A8922FAB75200A886E8 /* HourlyCollectionViewDataSource.swift */; };
		30696A8C22FAB75200A886E8 /* DetailCollectionViewDataSource.swift in Sources */ = {isa = PBXBuildFile; fileRef = 30696A8A22FAB75200A886E8 /* DetailCollectionViewDataSource.swift */; };
		30696AB022FBCEC400A886E8 /* WeatherForecastLayout.swift in Sources */ = {isa = PBXBuildFile; fileRef = 30696AAF22FBCEC400A886E8 /* WeatherForecastLayout.swift */; };
		3086B6EF22FBD60000E732CA /* WeatherForecastViewController.swift in Sources */ = {isa = PBXBuildFile; fileRef = 3086B6EE22FBD60000E732CA /* WeatherForecastViewController.swift */; };
		3086B6FA22FDF63200E732CA /* Double+Conversions.swift in Sources */ = {isa = PBXBuildFile; fileRef = 3086B6F922FDF63200E732CA /* Double+Conversions.swift */; };
		30BDEE9822F18A97006E1C30 /* AppDelegate.swift in Sources */ = {isa = PBXBuildFile; fileRef = 30BDEE9722F18A97006E1C30 /* AppDelegate.swift */; };
		30BDEE9D22F18A97006E1C30 /* Main.storyboard in Resources */ = {isa = PBXBuildFile; fileRef = 30BDEE9B22F18A97006E1C30 /* Main.storyboard */; };
		30BDEE9F22F18A98006E1C30 /* Assets.xcassets in Resources */ = {isa = PBXBuildFile; fileRef = 30BDEE9E22F18A98006E1C30 /* Assets.xcassets */; };
		30BDEEA222F18A98006E1C30 /* LaunchScreen.storyboard in Resources */ = {isa = PBXBuildFile; fileRef = 30BDEEA022F18A98006E1C30 /* LaunchScreen.storyboard */; };
		30BDEEAE22F191D7006E1C30 /* LocationTableViewController.swift in Sources */ = {isa = PBXBuildFile; fileRef = 30BDEEAD22F191D7006E1C30 /* LocationTableViewController.swift */; };
		30F3199E22F56DF300DE0A71 /* LocationCell.swift in Sources */ = {isa = PBXBuildFile; fileRef = 30F3199D22F56DF300DE0A71 /* LocationCell.swift */; };
		30F319A522F5C58E00DE0A71 /* HourlyCell.swift in Sources */ = {isa = PBXBuildFile; fileRef = 30F319A422F5C58E00DE0A71 /* HourlyCell.swift */; };
		30F319A722F5C6FF00DE0A71 /* DailyCell.swift in Sources */ = {isa = PBXBuildFile; fileRef = 30F319A622F5C6FF00DE0A71 /* DailyCell.swift */; };
		BD40800522FDD554004EBFDB /* SwiftNameIdentifier.swift in Sources */ = {isa = PBXBuildFile; fileRef = BD40800322FDD553004EBFDB /* SwiftNameIdentifier.swift */; };
		BD40800622FDD554004EBFDB /* Encodable+Dict.swift in Sources */ = {isa = PBXBuildFile; fileRef = BD40800422FDD553004EBFDB /* Encodable+Dict.swift */; };
/* End PBXBuildFile section */

/* Begin PBXFileReference section */
		300F199822F5CA5B002A494E /* SummaryCell.swift */ = {isa = PBXFileReference; lastKnownFileType = sourcecode.swift; path = SummaryCell.swift; sourceTree = "<group>"; };
		300F199A22F5CB91002A494E /* DailyDetailCell.swift */ = {isa = PBXFileReference; lastKnownFileType = sourcecode.swift; path = DailyDetailCell.swift; sourceTree = "<group>"; };
		300F19CD22F8BFC3002A494E /* Endpoint.swift */ = {isa = PBXFileReference; lastKnownFileType = sourcecode.swift; path = Endpoint.swift; sourceTree = "<group>"; };
		300F19CF22F90B09002A494E /* APIClient.swift */ = {isa = PBXFileReference; lastKnownFileType = sourcecode.swift; path = APIClient.swift; sourceTree = "<group>"; };
		300F19D122F93E06002A494E /* APIError.swift */ = {isa = PBXFileReference; lastKnownFileType = sourcecode.swift; path = APIError.swift; sourceTree = "<group>"; };
		300F19D922F995FE002A494E /* SearchLocationTableViewController.swift */ = {isa = PBXFileReference; lastKnownFileType = sourcecode.swift; path = SearchLocationTableViewController.swift; sourceTree = "<group>"; };
		300F19DE22F9E2DD002A494E /* WeatherFeed.swift */ = {isa = PBXFileReference; lastKnownFileType = sourcecode.swift; path = WeatherFeed.swift; sourceTree = "<group>"; };
		300F19E022F9E313002A494E /* WeatherClient.swift */ = {isa = PBXFileReference; lastKnownFileType = sourcecode.swift; path = WeatherClient.swift; sourceTree = "<group>"; };
		303D717F230194BC007B308F /* LocationConverter.swift */ = {isa = PBXFileReference; lastKnownFileType = sourcecode.swift; path = LocationConverter.swift; sourceTree = "<group>"; };
		305975D122F1EE350035353D /* PageViewController.swift */ = {isa = PBXFileReference; lastKnownFileType = sourcecode.swift; path = PageViewController.swift; sourceTree = "<group>"; };
		3059767122F400840035353D /* SuggestedLocationTableViewController.swift */ = {isa = PBXFileReference; lastKnownFileType = sourcecode.swift; path = SuggestedLocationTableViewController.swift; sourceTree = "<group>"; };
		30696A5A22F9E7EC00A886E8 /* Location.swift */ = {isa = PBXFileReference; fileEncoding = 4; lastKnownFileType = sourcecode.swift; name = Location.swift; path = WeatherForecast/Persistence/Location.swift; sourceTree = SOURCE_ROOT; };
		30696A5B22F9E7EC00A886E8 /* LocationStore.swift */ = {isa = PBXFileReference; fileEncoding = 4; lastKnownFileType = sourcecode.swift; name = LocationStore.swift; path = WeatherForecast/Persistence/LocationStore.swift; sourceTree = SOURCE_ROOT; };
		30696A6622FA4E9900A886E8 /* CurrentlyWeatherParser.swift */ = {isa = PBXFileReference; lastKnownFileType = sourcecode.swift; path = CurrentlyWeatherParser.swift; sourceTree = "<group>"; };
		30696A6822FA559A00A886E8 /* HourlyWeatherParser.swift */ = {isa = PBXFileReference; lastKnownFileType = sourcecode.swift; path = HourlyWeatherParser.swift; sourceTree = "<group>"; };
		30696A6A22FA567600A886E8 /* DailyWeatherParser.swift */ = {isa = PBXFileReference; lastKnownFileType = sourcecode.swift; path = DailyWeatherParser.swift; sourceTree = "<group>"; };
		30696A6C22FA569000A886E8 /* DetailWeatherParser.swift */ = {isa = PBXFileReference; lastKnownFileType = sourcecode.swift; path = DetailWeatherParser.swift; sourceTree = "<group>"; };
		30696A6E22FA5FF700A886E8 /* DateUtil.swift */ = {isa = PBXFileReference; lastKnownFileType = sourcecode.swift; path = DateUtil.swift; sourceTree = "<group>"; };
		30696A7522FA722E00A886E8 /* WeatherDaily.swift */ = {isa = PBXFileReference; fileEncoding = 4; lastKnownFileType = sourcecode.swift; path = WeatherDaily.swift; sourceTree = "<group>"; };
		30696A7622FA722E00A886E8 /* WeatherCurrently.swift */ = {isa = PBXFileReference; fileEncoding = 4; lastKnownFileType = sourcecode.swift; path = WeatherCurrently.swift; sourceTree = "<group>"; };
		30696A7722FA722E00A886E8 /* WeatherForecast.swift */ = {isa = PBXFileReference; fileEncoding = 4; lastKnownFileType = sourcecode.swift; path = WeatherForecast.swift; sourceTree = "<group>"; };
		30696A7822FA722E00A886E8 /* WeatherHourly.swift */ = {isa = PBXFileReference; fileEncoding = 4; lastKnownFileType = sourcecode.swift; path = WeatherHourly.swift; sourceTree = "<group>"; };
		30696A7922FA722E00A886E8 /* WeatherDetail.swift */ = {isa = PBXFileReference; fileEncoding = 4; lastKnownFileType = sourcecode.swift; path = WeatherDetail.swift; sourceTree = "<group>"; };
		30696A8922FAB75200A886E8 /* HourlyCollectionViewDataSource.swift */ = {isa = PBXFileReference; fileEncoding = 4; lastKnownFileType = sourcecode.swift; path = HourlyCollectionViewDataSource.swift; sourceTree = "<group>"; };
		30696A8A22FAB75200A886E8 /* DetailCollectionViewDataSource.swift */ = {isa = PBXFileReference; fileEncoding = 4; lastKnownFileType = sourcecode.swift; path = DetailCollectionViewDataSource.swift; sourceTree = "<group>"; };
		30696AAF22FBCEC400A886E8 /* WeatherForecastLayout.swift */ = {isa = PBXFileReference; lastKnownFileType = sourcecode.swift; path = WeatherForecastLayout.swift; sourceTree = "<group>"; };
		3086B6EE22FBD60000E732CA /* WeatherForecastViewController.swift */ = {isa = PBXFileReference; fileEncoding = 4; lastKnownFileType = sourcecode.swift; path = WeatherForecastViewController.swift; sourceTree = "<group>"; };
		3086B6F922FDF63200E732CA /* Double+Conversions.swift */ = {isa = PBXFileReference; lastKnownFileType = sourcecode.swift; path = "Double+Conversions.swift"; sourceTree = "<group>"; };
		30BDEE9422F18A97006E1C30 /* WeatherForecast.app */ = {isa = PBXFileReference; explicitFileType = wrapper.application; includeInIndex = 0; path = WeatherForecast.app; sourceTree = BUILT_PRODUCTS_DIR; };
		30BDEE9722F18A97006E1C30 /* AppDelegate.swift */ = {isa = PBXFileReference; lastKnownFileType = sourcecode.swift; path = AppDelegate.swift; sourceTree = "<group>"; };
		30BDEE9C22F18A97006E1C30 /* Base */ = {isa = PBXFileReference; lastKnownFileType = file.storyboard; name = Base; path = Base.lproj/Main.storyboard; sourceTree = "<group>"; };
		30BDEE9E22F18A98006E1C30 /* Assets.xcassets */ = {isa = PBXFileReference; lastKnownFileType = folder.assetcatalog; path = Assets.xcassets; sourceTree = "<group>"; };
		30BDEEA122F18A98006E1C30 /* Base */ = {isa = PBXFileReference; lastKnownFileType = file.storyboard; name = Base; path = Base.lproj/LaunchScreen.storyboard; sourceTree = "<group>"; };
		30BDEEA322F18A98006E1C30 /* Info.plist */ = {isa = PBXFileReference; lastKnownFileType = text.plist.xml; path = Info.plist; sourceTree = "<group>"; };
		30BDEEAD22F191D7006E1C30 /* LocationTableViewController.swift */ = {isa = PBXFileReference; lastKnownFileType = sourcecode.swift; path = LocationTableViewController.swift; sourceTree = "<group>"; };
		30F3199D22F56DF300DE0A71 /* LocationCell.swift */ = {isa = PBXFileReference; lastKnownFileType = sourcecode.swift; path = LocationCell.swift; sourceTree = "<group>"; };
		30F319A422F5C58E00DE0A71 /* HourlyCell.swift */ = {isa = PBXFileReference; lastKnownFileType = sourcecode.swift; path = HourlyCell.swift; sourceTree = "<group>"; };
		30F319A622F5C6FF00DE0A71 /* DailyCell.swift */ = {isa = PBXFileReference; lastKnownFileType = sourcecode.swift; path = DailyCell.swift; sourceTree = "<group>"; };
		98AC443152B4D738DE394F50 /* Pods-WeatherForecast.debug.xcconfig */ = {isa = PBXFileReference; includeInIndex = 1; lastKnownFileType = text.xcconfig; name = "Pods-WeatherForecast.debug.xcconfig"; path = "Target Support Files/Pods-WeatherForecast/Pods-WeatherForecast.debug.xcconfig"; sourceTree = "<group>"; };
		AFB2749F3C716E5C249AF942 /* Pods-WeatherForecast.release.xcconfig */ = {isa = PBXFileReference; includeInIndex = 1; lastKnownFileType = text.xcconfig; name = "Pods-WeatherForecast.release.xcconfig"; path = "Target Support Files/Pods-WeatherForecast/Pods-WeatherForecast.release.xcconfig"; sourceTree = "<group>"; };
		BD40800322FDD553004EBFDB /* SwiftNameIdentifier.swift */ = {isa = PBXFileReference; fileEncoding = 4; lastKnownFileType = sourcecode.swift; path = SwiftNameIdentifier.swift; sourceTree = "<group>"; };
		BD40800422FDD553004EBFDB /* Encodable+Dict.swift */ = {isa = PBXFileReference; fileEncoding = 4; lastKnownFileType = sourcecode.swift; path = "Encodable+Dict.swift"; sourceTree = "<group>"; };
		F328F46939CBBDB97D286C3F /* Pods_WeatherForecast.framework */ = {isa = PBXFileReference; explicitFileType = wrapper.framework; includeInIndex = 0; path = Pods_WeatherForecast.framework; sourceTree = BUILT_PRODUCTS_DIR; };
/* End PBXFileReference section */

/* Begin PBXFrameworksBuildPhase section */
		30BDEE9122F18A97006E1C30 /* Frameworks */ = {
			isa = PBXFrameworksBuildPhase;
			buildActionMask = 2147483647;
			files = (
				24DF2A7DFBC38CECC7D1C0FE /* Pods_WeatherForecast.framework in Frameworks */,
			);
			runOnlyForDeploymentPostprocessing = 0;
		};
/* End PBXFrameworksBuildPhase section */

/* Begin PBXGroup section */
		098FB04247A2287F20BF729F /* Frameworks */ = {
			isa = PBXGroup;
			children = (
				F328F46939CBBDB97D286C3F /* Pods_WeatherForecast.framework */,
			);
			name = Frameworks;
			sourceTree = "<group>";
		};
		300F19A522F678CB002A494E /* Persistence */ = {
			isa = PBXGroup;
			children = (
				30696A6022F9F77100A886E8 /* Model */,
				30696A5F22F9F76D00A886E8 /* Store */,
			);
			path = Persistence;
			sourceTree = "<group>";
		};
		303D717D23019423007B308F /* Helper */ = {
			isa = PBXGroup;
			children = (
				303D717E23019441007B308F /* Manager */,
				3086B6F822FDF61C00E732CA /* Extension */,
			);
			path = Helper;
			sourceTree = "<group>";
		};
		303D717E23019441007B308F /* Manager */ = {
			isa = PBXGroup;
			children = (
				303D717F230194BC007B308F /* LocationConverter.swift */,
			);
			path = Manager;
			sourceTree = "<group>";
		};
		3059766522F375360035353D /* Model&Parser */ = {
			isa = PBXGroup;
			children = (
				30696A7422FA716400A886E8 /* Model */,
				30696A7322FA6F4700A886E8 /* Parser */,
			);
			path = "Model&Parser";
			sourceTree = "<group>";
		};
		3059766E22F3D4F50035353D /* Controller */ = {
			isa = PBXGroup;
			children = (
				30BDEEAD22F191D7006E1C30 /* LocationTableViewController.swift */,
				305975D122F1EE350035353D /* PageViewController.swift */,
				300F19D922F995FE002A494E /* SearchLocationTableViewController.swift */,
				3059767122F400840035353D /* SuggestedLocationTableViewController.swift */,
				30696AAF22FBCEC400A886E8 /* WeatherForecastLayout.swift */,
				3086B6EE22FBD60000E732CA /* WeatherForecastViewController.swift */,
			);
			path = Controller;
			sourceTree = "<group>";
		};
		3059767922F51FCA0035353D /* Networking */ = {
			isa = PBXGroup;
			children = (
				300F19CD22F8BFC3002A494E /* Endpoint.swift */,
				300F19CF22F90B09002A494E /* APIClient.swift */,
				300F19D122F93E06002A494E /* APIError.swift */,
				300F19DE22F9E2DD002A494E /* WeatherFeed.swift */,
				300F19E022F9E313002A494E /* WeatherClient.swift */,
			);
			path = Networking;
			sourceTree = "<group>";
		};
		30696A5F22F9F76D00A886E8 /* Store */ = {
			isa = PBXGroup;
			children = (
				30696A5B22F9E7EC00A886E8 /* LocationStore.swift */,
			);
			path = Store;
			sourceTree = "<group>";
		};
		30696A6022F9F77100A886E8 /* Model */ = {
			isa = PBXGroup;
			children = (
				30696A5A22F9E7EC00A886E8 /* Location.swift */,
			);
			path = Model;
			sourceTree = "<group>";
		};
		30696A7022FA639900A886E8 /* Utils */ = {
			isa = PBXGroup;
			children = (
				30696A6E22FA5FF700A886E8 /* DateUtil.swift */,
			);
			path = Utils;
			sourceTree = "<group>";
		};
		30696A7322FA6F4700A886E8 /* Parser */ = {
			isa = PBXGroup;
			children = (
				30696A6822FA559A00A886E8 /* HourlyWeatherParser.swift */,
				30696A6A22FA567600A886E8 /* DailyWeatherParser.swift */,
				30696A6622FA4E9900A886E8 /* CurrentlyWeatherParser.swift */,
				30696A6C22FA569000A886E8 /* DetailWeatherParser.swift */,
			);
			path = Parser;
			sourceTree = "<group>";
		};
		30696A7422FA716400A886E8 /* Model */ = {
			isa = PBXGroup;
			children = (
				30696A7622FA722E00A886E8 /* WeatherCurrently.swift */,
				30696A7522FA722E00A886E8 /* WeatherDaily.swift */,
				30696A7922FA722E00A886E8 /* WeatherDetail.swift */,
				30696A7722FA722E00A886E8 /* WeatherForecast.swift */,
				30696A7822FA722E00A886E8 /* WeatherHourly.swift */,
			);
			path = Model;
			sourceTree = "<group>";
		};
		30696A8822FAB75200A886E8 /* Datasource */ = {
			isa = PBXGroup;
			children = (
				30696A8922FAB75200A886E8 /* HourlyCollectionViewDataSource.swift */,
				30696A8A22FAB75200A886E8 /* DetailCollectionViewDataSource.swift */,
			);
			path = Datasource;
			sourceTree = "<group>";
		};
		3086B6F822FDF61C00E732CA /* Extension */ = {
			isa = PBXGroup;
			children = (
				3086B6F922FDF63200E732CA /* Double+Conversions.swift */,
				BD40800422FDD553004EBFDB /* Encodable+Dict.swift */,
			);
			path = Extension;
			sourceTree = "<group>";
		};
		30BDEE8B22F18A97006E1C30 = {
			isa = PBXGroup;
			children = (
				30BDEE9622F18A97006E1C30 /* WeatherForecast */,
				30BDEE9522F18A97006E1C30 /* Products */,
				B174D0B8010C4D11A756F918 /* Pods */,
				098FB04247A2287F20BF729F /* Frameworks */,
			);
			sourceTree = "<group>";
		};
		30BDEE9522F18A97006E1C30 /* Products */ = {
			isa = PBXGroup;
			children = (
				30BDEE9422F18A97006E1C30 /* WeatherForecast.app */,
			);
			name = Products;
			sourceTree = "<group>";
		};
		30BDEE9622F18A97006E1C30 /* WeatherForecast */ = {
			isa = PBXGroup;
			children = (
				30696A7022FA639900A886E8 /* Utils */,
				300F19A522F678CB002A494E /* Persistence */,
				3059767922F51FCA0035353D /* Networking */,
				3059766522F375360035353D /* Model&Parser */,
				30F3199A22F56D5B00DE0A71 /* View */,
				3059766E22F3D4F50035353D /* Controller */,
				30696A8822FAB75200A886E8 /* Datasource */,
				BD40800222FDD553004EBFDB /* Protocol */,
				303D717D23019423007B308F /* Helper */,
				30BDEE9722F18A97006E1C30 /* AppDelegate.swift */,
				30BDEE9B22F18A97006E1C30 /* Main.storyboard */,
				30BDEE9E22F18A98006E1C30 /* Assets.xcassets */,
				30BDEEA022F18A98006E1C30 /* LaunchScreen.storyboard */,
				30BDEEA322F18A98006E1C30 /* Info.plist */,
			);
			path = WeatherForecast;
			sourceTree = "<group>";
		};
		30F3199A22F56D5B00DE0A71 /* View */ = {
			isa = PBXGroup;
			children = (
				30F3199D22F56DF300DE0A71 /* LocationCell.swift */,
				30F319A422F5C58E00DE0A71 /* HourlyCell.swift */,
				30F319A622F5C6FF00DE0A71 /* DailyCell.swift */,
				300F199822F5CA5B002A494E /* SummaryCell.swift */,
				300F199A22F5CB91002A494E /* DailyDetailCell.swift */,
			);
			path = View;
			sourceTree = "<group>";
		};
		B174D0B8010C4D11A756F918 /* Pods */ = {
			isa = PBXGroup;
			children = (
				98AC443152B4D738DE394F50 /* Pods-WeatherForecast.debug.xcconfig */,
				AFB2749F3C716E5C249AF942 /* Pods-WeatherForecast.release.xcconfig */,
			);
			path = Pods;
			sourceTree = "<group>";
		};
		BD40800222FDD553004EBFDB /* Protocol */ = {
			isa = PBXGroup;
			children = (
				BD40800322FDD553004EBFDB /* SwiftNameIdentifier.swift */,
			);
			path = Protocol;
			sourceTree = "<group>";
		};
/* End PBXGroup section */

/* Begin PBXNativeTarget section */
		30BDEE9322F18A97006E1C30 /* WeatherForecast */ = {
			isa = PBXNativeTarget;
			buildConfigurationList = 30BDEEA622F18A98006E1C30 /* Build configuration list for PBXNativeTarget "WeatherForecast" */;
			buildPhases = (
				91746F06B47E91434D83D1B6 /* [CP] Check Pods Manifest.lock */,
				30BDEE9022F18A97006E1C30 /* Sources */,
				30BDEE9122F18A97006E1C30 /* Frameworks */,
				30BDEE9222F18A97006E1C30 /* Resources */,
				BD54F98A22FB018800A621E7 /* Review */,
				BD40800722FDD97B004EBFDB /* SwiftLint */,
			);
			buildRules = (
			);
			dependencies = (
			);
			name = WeatherForecast;
			productName = WeatherForecast;
			productReference = 30BDEE9422F18A97006E1C30 /* WeatherForecast.app */;
			productType = "com.apple.product-type.application";
		};
/* End PBXNativeTarget section */

/* Begin PBXProject section */
		30BDEE8C22F18A97006E1C30 /* Project object */ = {
			isa = PBXProject;
			attributes = {
				LastSwiftUpdateCheck = 1030;
				LastUpgradeCheck = 1020;
				ORGANIZATIONNAME = BLU;
				TargetAttributes = {
					30BDEE9322F18A97006E1C30 = {
						CreatedOnToolsVersion = 10.2.1;
					};
				};
			};
			buildConfigurationList = 30BDEE8F22F18A97006E1C30 /* Build configuration list for PBXProject "WeatherForecast" */;
			compatibilityVersion = "Xcode 9.3";
			developmentRegion = en;
			hasScannedForEncodings = 0;
			knownRegions = (
				en,
				Base,
			);
			mainGroup = 30BDEE8B22F18A97006E1C30;
			productRefGroup = 30BDEE9522F18A97006E1C30 /* Products */;
			projectDirPath = "";
			projectRoot = "";
			targets = (
				30BDEE9322F18A97006E1C30 /* WeatherForecast */,
			);
		};
/* End PBXProject section */

/* Begin PBXResourcesBuildPhase section */
		30BDEE9222F18A97006E1C30 /* Resources */ = {
			isa = PBXResourcesBuildPhase;
			buildActionMask = 2147483647;
			files = (
				30BDEEA222F18A98006E1C30 /* LaunchScreen.storyboard in Resources */,
				30BDEE9F22F18A98006E1C30 /* Assets.xcassets in Resources */,
				30BDEE9D22F18A97006E1C30 /* Main.storyboard in Resources */,
			);
			runOnlyForDeploymentPostprocessing = 0;
		};
/* End PBXResourcesBuildPhase section */

/* Begin PBXShellScriptBuildPhase section */
		91746F06B47E91434D83D1B6 /* [CP] Check Pods Manifest.lock */ = {
			isa = PBXShellScriptBuildPhase;
			buildActionMask = 2147483647;
			files = (
			);
			inputFileListPaths = (
			);
			inputPaths = (
				"${PODS_PODFILE_DIR_PATH}/Podfile.lock",
				"${PODS_ROOT}/Manifest.lock",
			);
			name = "[CP] Check Pods Manifest.lock";
			outputFileListPaths = (
			);
			outputPaths = (
				"$(DERIVED_FILE_DIR)/Pods-WeatherForecast-checkManifestLockResult.txt",
			);
			runOnlyForDeploymentPostprocessing = 0;
			shellPath = /bin/sh;
			shellScript = "diff \"${PODS_PODFILE_DIR_PATH}/Podfile.lock\" \"${PODS_ROOT}/Manifest.lock\" > /dev/null\nif [ $? != 0 ] ; then\n    # print error to STDERR\n    echo \"error: The sandbox is not in sync with the Podfile.lock. Run 'pod install' or update your CocoaPods installation.\" >&2\n    exit 1\nfi\n# This output is used by Xcode 'outputs' to avoid re-running this script phase.\necho \"SUCCESS\" > \"${SCRIPT_OUTPUT_FILE_0}\"\n";
			showEnvVarsInLog = 0;
		};
		BD40800722FDD97B004EBFDB /* SwiftLint */ = {
			isa = PBXShellScriptBuildPhase;
			buildActionMask = 2147483647;
			files = (
			);
			inputFileListPaths = (
			);
			inputPaths = (
			);
			name = SwiftLint;
			outputFileListPaths = (
			);
			outputPaths = (
			);
			runOnlyForDeploymentPostprocessing = 0;
			shellPath = /bin/sh;
			shellScript = "if which swiftlint >/dev/null; then\nswiftlint\nelse\necho \"warning: SwiftLint not installed, download from https://github.com/realm/SwiftLint\"\nfi\n";
		};
		BD54F98A22FB018800A621E7 /* Review */ = {
			isa = PBXShellScriptBuildPhase;
			buildActionMask = 2147483647;
			files = (
			);
			inputFileListPaths = (
			);
			inputPaths = (
			);
			name = Review;
			outputFileListPaths = (
			);
			outputPaths = (
			);
			runOnlyForDeploymentPostprocessing = 0;
			shellPath = /bin/sh;
			shellScript = "KEYWORDS=\"TODO|Review|\\?\\?\\?:|\\!\\!\\!:\"\nfind \"$PROJECT_DIR/$TARGET_NAME\" \\( -name \"*.swift\" \\) -print0 | \\\nxargs -0 egrep --with-filename --line-number --only-matching \"($KEYWORDS).*\\$\" | \\\nperl -p -e \"s/($KEYWORDS)/ warning: \\$1/\"\n";
		};
/* End PBXShellScriptBuildPhase section */

/* Begin PBXSourcesBuildPhase section */
		30BDEE9022F18A97006E1C30 /* Sources */ = {
			isa = PBXSourcesBuildPhase;
			buildActionMask = 2147483647;
			files = (
				30696A8C22FAB75200A886E8 /* DetailCollectionViewDataSource.swift in Sources */,
				3059767222F400840035353D /* SuggestedLocationTableViewController.swift in Sources */,
				30F319A722F5C6FF00DE0A71 /* DailyCell.swift in Sources */,
				300F19E122F9E313002A494E /* WeatherClient.swift in Sources */,
				3086B6EF22FBD60000E732CA /* WeatherForecastViewController.swift in Sources */,
				BD40800522FDD554004EBFDB /* SwiftNameIdentifier.swift in Sources */,
				300F19D022F90B09002A494E /* APIClient.swift in Sources */,
				30F3199E22F56DF300DE0A71 /* LocationCell.swift in Sources */,
				30696A5C22F9E7EC00A886E8 /* Location.swift in Sources */,
				300F19DF22F9E2DE002A494E /* WeatherFeed.swift in Sources */,
				300F199B22F5CB91002A494E /* DailyDetailCell.swift in Sources */,
				30696A5D22F9E7EC00A886E8 /* LocationStore.swift in Sources */,
				30F319A522F5C58E00DE0A71 /* HourlyCell.swift in Sources */,
				300F19DA22F995FE002A494E /* SearchLocationTableViewController.swift in Sources */,
				300F19CE22F8BFC3002A494E /* Endpoint.swift in Sources */,
				30696A8B22FAB75200A886E8 /* HourlyCollectionViewDataSource.swift in Sources */,
				30696A7E22FA722E00A886E8 /* WeatherDetail.swift in Sources */,
				303D7180230194BC007B308F /* LocationConverter.swift in Sources */,
				300F199922F5CA5B002A494E /* SummaryCell.swift in Sources */,
				30696A7D22FA722E00A886E8 /* WeatherHourly.swift in Sources */,
				BD40800622FDD554004EBFDB /* Encodable+Dict.swift in Sources */,
				30696A6F22FA5FF700A886E8 /* DateUtil.swift in Sources */,
				30696A6722FA4E9900A886E8 /* CurrentlyWeatherParser.swift in Sources */,
				30696A6B22FA567600A886E8 /* DailyWeatherParser.swift in Sources */,
				30696A7C22FA722E00A886E8 /* WeatherForecast.swift in Sources */,
				305975D222F1EE350035353D /* PageViewController.swift in Sources */,
				30696A6922FA559A00A886E8 /* HourlyWeatherParser.swift in Sources */,
				3086B6FA22FDF63200E732CA /* Double+Conversions.swift in Sources */,
				30696A7B22FA722E00A886E8 /* WeatherCurrently.swift in Sources */,
				30696A6D22FA569000A886E8 /* DetailWeatherParser.swift in Sources */,
				30696AB022FBCEC400A886E8 /* WeatherForecastLayout.swift in Sources */,
				30696A7A22FA722E00A886E8 /* WeatherDaily.swift in Sources */,
				30BDEE9822F18A97006E1C30 /* AppDelegate.swift in Sources */,
				30BDEEAE22F191D7006E1C30 /* LocationTableViewController.swift in Sources */,
				300F19D222F93E06002A494E /* APIError.swift in Sources */,
			);
			runOnlyForDeploymentPostprocessing = 0;
		};
/* End PBXSourcesBuildPhase section */

/* Begin PBXVariantGroup section */
		30BDEE9B22F18A97006E1C30 /* Main.storyboard */ = {
			isa = PBXVariantGroup;
			children = (
				30BDEE9C22F18A97006E1C30 /* Base */,
			);
			name = Main.storyboard;
			sourceTree = "<group>";
		};
		30BDEEA022F18A98006E1C30 /* LaunchScreen.storyboard */ = {
			isa = PBXVariantGroup;
			children = (
				30BDEEA122F18A98006E1C30 /* Base */,
			);
			name = LaunchScreen.storyboard;
			sourceTree = "<group>";
		};
/* End PBXVariantGroup section */

/* Begin XCBuildConfiguration section */
		30BDEEA422F18A98006E1C30 /* Debug */ = {
			isa = XCBuildConfiguration;
			buildSettings = {
				ALWAYS_SEARCH_USER_PATHS = NO;
				CLANG_ANALYZER_NONNULL = YES;
				CLANG_ANALYZER_NUMBER_OBJECT_CONVERSION = YES_AGGRESSIVE;
				CLANG_CXX_LANGUAGE_STANDARD = "gnu++14";
				CLANG_CXX_LIBRARY = "libc++";
				CLANG_ENABLE_MODULES = YES;
				CLANG_ENABLE_OBJC_ARC = YES;
				CLANG_ENABLE_OBJC_WEAK = YES;
				CLANG_WARN_BLOCK_CAPTURE_AUTORELEASING = YES;
				CLANG_WARN_BOOL_CONVERSION = YES;
				CLANG_WARN_COMMA = YES;
				CLANG_WARN_CONSTANT_CONVERSION = YES;
				CLANG_WARN_DEPRECATED_OBJC_IMPLEMENTATIONS = YES;
				CLANG_WARN_DIRECT_OBJC_ISA_USAGE = YES_ERROR;
				CLANG_WARN_DOCUMENTATION_COMMENTS = YES;
				CLANG_WARN_EMPTY_BODY = YES;
				CLANG_WARN_ENUM_CONVERSION = YES;
				CLANG_WARN_INFINITE_RECURSION = YES;
				CLANG_WARN_INT_CONVERSION = YES;
				CLANG_WARN_NON_LITERAL_NULL_CONVERSION = YES;
				CLANG_WARN_OBJC_IMPLICIT_RETAIN_SELF = YES;
				CLANG_WARN_OBJC_LITERAL_CONVERSION = YES;
				CLANG_WARN_OBJC_ROOT_CLASS = YES_ERROR;
				CLANG_WARN_RANGE_LOOP_ANALYSIS = YES;
				CLANG_WARN_STRICT_PROTOTYPES = YES;
				CLANG_WARN_SUSPICIOUS_MOVE = YES;
				CLANG_WARN_UNGUARDED_AVAILABILITY = YES_AGGRESSIVE;
				CLANG_WARN_UNREACHABLE_CODE = YES;
				CLANG_WARN__DUPLICATE_METHOD_MATCH = YES;
				CODE_SIGN_IDENTITY = "iPhone Developer";
				COPY_PHASE_STRIP = NO;
				DEBUG_INFORMATION_FORMAT = dwarf;
				ENABLE_STRICT_OBJC_MSGSEND = YES;
				ENABLE_TESTABILITY = YES;
				GCC_C_LANGUAGE_STANDARD = gnu11;
				GCC_DYNAMIC_NO_PIC = NO;
				GCC_NO_COMMON_BLOCKS = YES;
				GCC_OPTIMIZATION_LEVEL = 0;
				GCC_PREPROCESSOR_DEFINITIONS = (
					"DEBUG=1",
					"$(inherited)",
				);
				GCC_WARN_64_TO_32_BIT_CONVERSION = YES;
				GCC_WARN_ABOUT_RETURN_TYPE = YES_ERROR;
				GCC_WARN_UNDECLARED_SELECTOR = YES;
				GCC_WARN_UNINITIALIZED_AUTOS = YES_AGGRESSIVE;
				GCC_WARN_UNUSED_FUNCTION = YES;
				GCC_WARN_UNUSED_VARIABLE = YES;
				IPHONEOS_DEPLOYMENT_TARGET = 12.0;
				MTL_ENABLE_DEBUG_INFO = INCLUDE_SOURCE;
				MTL_FAST_MATH = YES;
				ONLY_ACTIVE_ARCH = YES;
				SDKROOT = iphoneos;
				SWIFT_ACTIVE_COMPILATION_CONDITIONS = DEBUG;
				SWIFT_OPTIMIZATION_LEVEL = "-Onone";
			};
			name = Debug;
		};
		30BDEEA522F18A98006E1C30 /* Release */ = {
			isa = XCBuildConfiguration;
			buildSettings = {
				ALWAYS_SEARCH_USER_PATHS = NO;
				CLANG_ANALYZER_NONNULL = YES;
				CLANG_ANALYZER_NUMBER_OBJECT_CONVERSION = YES_AGGRESSIVE;
				CLANG_CXX_LANGUAGE_STANDARD = "gnu++14";
				CLANG_CXX_LIBRARY = "libc++";
				CLANG_ENABLE_MODULES = YES;
				CLANG_ENABLE_OBJC_ARC = YES;
				CLANG_ENABLE_OBJC_WEAK = YES;
				CLANG_WARN_BLOCK_CAPTURE_AUTORELEASING = YES;
				CLANG_WARN_BOOL_CONVERSION = YES;
				CLANG_WARN_COMMA = YES;
				CLANG_WARN_CONSTANT_CONVERSION = YES;
				CLANG_WARN_DEPRECATED_OBJC_IMPLEMENTATIONS = YES;
				CLANG_WARN_DIRECT_OBJC_ISA_USAGE = YES_ERROR;
				CLANG_WARN_DOCUMENTATION_COMMENTS = YES;
				CLANG_WARN_EMPTY_BODY = YES;
				CLANG_WARN_ENUM_CONVERSION = YES;
				CLANG_WARN_INFINITE_RECURSION = YES;
				CLANG_WARN_INT_CONVERSION = YES;
				CLANG_WARN_NON_LITERAL_NULL_CONVERSION = YES;
				CLANG_WARN_OBJC_IMPLICIT_RETAIN_SELF = YES;
				CLANG_WARN_OBJC_LITERAL_CONVERSION = YES;
				CLANG_WARN_OBJC_ROOT_CLASS = YES_ERROR;
				CLANG_WARN_RANGE_LOOP_ANALYSIS = YES;
				CLANG_WARN_STRICT_PROTOTYPES = YES;
				CLANG_WARN_SUSPICIOUS_MOVE = YES;
				CLANG_WARN_UNGUARDED_AVAILABILITY = YES_AGGRESSIVE;
				CLANG_WARN_UNREACHABLE_CODE = YES;
				CLANG_WARN__DUPLICATE_METHOD_MATCH = YES;
				CODE_SIGN_IDENTITY = "iPhone Developer";
				COPY_PHASE_STRIP = NO;
				DEBUG_INFORMATION_FORMAT = "dwarf-with-dsym";
				ENABLE_NS_ASSERTIONS = NO;
				ENABLE_STRICT_OBJC_MSGSEND = YES;
				GCC_C_LANGUAGE_STANDARD = gnu11;
				GCC_NO_COMMON_BLOCKS = YES;
				GCC_WARN_64_TO_32_BIT_CONVERSION = YES;
				GCC_WARN_ABOUT_RETURN_TYPE = YES_ERROR;
				GCC_WARN_UNDECLARED_SELECTOR = YES;
				GCC_WARN_UNINITIALIZED_AUTOS = YES_AGGRESSIVE;
				GCC_WARN_UNUSED_FUNCTION = YES;
				GCC_WARN_UNUSED_VARIABLE = YES;
				IPHONEOS_DEPLOYMENT_TARGET = 12.0;
				MTL_ENABLE_DEBUG_INFO = NO;
				MTL_FAST_MATH = YES;
				SDKROOT = iphoneos;
				SWIFT_COMPILATION_MODE = wholemodule;
				SWIFT_OPTIMIZATION_LEVEL = "-O";
				VALIDATE_PRODUCT = YES;
			};
			name = Release;
		};
		30BDEEA722F18A98006E1C30 /* Debug */ = {
			isa = XCBuildConfiguration;
			baseConfigurationReference = 98AC443152B4D738DE394F50 /* Pods-WeatherForecast.debug.xcconfig */;
			buildSettings = {
				ASSETCATALOG_COMPILER_APPICON_NAME = AppIcon;
				CODE_SIGN_STYLE = Automatic;
				DEVELOPMENT_TEAM = "";
				INFOPLIST_FILE = WeatherForecast/Info.plist;
				IPHONEOS_DEPLOYMENT_TARGET = 12.0;
				LD_RUNPATH_SEARCH_PATHS = (
					"$(inherited)",
					"@executable_path/Frameworks",
				);
				PRODUCT_BUNDLE_IDENTIFIER = BLU.WeatherForecast;
				PRODUCT_NAME = "$(TARGET_NAME)";
				SWIFT_VERSION = 5.0;
				TARGETED_DEVICE_FAMILY = "1,2";
			};
			name = Debug;
		};
		30BDEEA822F18A98006E1C30 /* Release */ = {
			isa = XCBuildConfiguration;
			baseConfigurationReference = AFB2749F3C716E5C249AF942 /* Pods-WeatherForecast.release.xcconfig */;
			buildSettings = {
				ASSETCATALOG_COMPILER_APPICON_NAME = AppIcon;
				CODE_SIGN_STYLE = Automatic;
				DEVELOPMENT_TEAM = "";
				INFOPLIST_FILE = WeatherForecast/Info.plist;
				IPHONEOS_DEPLOYMENT_TARGET = 12.0;
				LD_RUNPATH_SEARCH_PATHS = (
					"$(inherited)",
					"@executable_path/Frameworks",
				);
				PRODUCT_BUNDLE_IDENTIFIER = BLU.WeatherForecast;
				PRODUCT_NAME = "$(TARGET_NAME)";
				SWIFT_VERSION = 5.0;
				TARGETED_DEVICE_FAMILY = "1,2";
			};
			name = Release;
		};
/* End XCBuildConfiguration section */

/* Begin XCConfigurationList section */
		30BDEE8F22F18A97006E1C30 /* Build configuration list for PBXProject "WeatherForecast" */ = {
			isa = XCConfigurationList;
			buildConfigurations = (
				30BDEEA422F18A98006E1C30 /* Debug */,
				30BDEEA522F18A98006E1C30 /* Release */,
			);
			defaultConfigurationIsVisible = 0;
			defaultConfigurationName = Release;
		};
		30BDEEA622F18A98006E1C30 /* Build configuration list for PBXNativeTarget "WeatherForecast" */ = {
			isa = XCConfigurationList;
			buildConfigurations = (
				30BDEEA722F18A98006E1C30 /* Debug */,
				30BDEEA822F18A98006E1C30 /* Release */,
			);
			defaultConfigurationIsVisible = 0;
			defaultConfigurationName = Release;
		};
/* End XCConfigurationList section */
	};
	rootObject = 30BDEE8C22F18A97006E1C30 /* Project object */;
}
